# This file was autogenerated by Stack.
# You should not edit this file by hand.
# For more information, please see the documentation at:
#   https://docs.haskellstack.org/en/stable/lock_files

packages:
- completed:
    hackage: sandwich-0.1.0.8@sha256:3bbe80df1a4801a66769c11b70980b32bb42530ddb816fd85c4211aa04484bab,7330
    pantry-tree:
      size: 5353
      sha256: 206154a2f578ce479a6d6331b43563b5c1861371115caa6bb029d13726f4b251
  original:
    hackage: sandwich-0.1.0.8@sha256:3bbe80df1a4801a66769c11b70980b32bb42530ddb816fd85c4211aa04484bab,7330
snapshots:
- completed:
    size: 565720
    url: https://raw.githubusercontent.com/commercialhaskell/stackage-snapshots/master/lts/17/8.yaml
    sha256: 76bf8992ff8dfe6eda9c02f81866138c2369344d5011ab39ae403457c4448b03
  original:
    url: https://raw.githubusercontent.com/commercialhaskell/stackage-snapshots/master/lts/17/8.yaml
